
Microsoft Visual Studio Solution File, Format Version 12.00
# Visual Studio Version 16
VisualStudioVersion = 16.0.29806.167
MinimumVisualStudioVersion = 10.0.40219.1
Project("{FAE04EC0-301F-11D3-BF4B-00C04F79EFBC}") = "scraper", "scraper\scraper.csproj", "{536BA3AD-1951-45B8-A349-C0034135C772}"
EndProject
Project("{FAE04EC0-301F-11D3-BF4B-00C04F79EFBC}") = "dbdriver", "dbdriver\dbdriver.csproj", "{12D3A8A5-CA7C-42FA-AE21-F98895441579}"
EndProject
Project("{FAE04EC0-301F-11D3-BF4B-00C04F79EFBC}") = "analyzer", "analyzer\analyzer.csproj", "{38FCDA13-B4BA-4D55-B606-7BEC638A6298}"
EndProject
Project("{FAE04EC0-301F-11D3-BF4B-00C04F79EFBC}") = "repplib", "repplib\repplib.csproj", "{E5F2D90A-23BF-494B-8FDF-43C5B4AD4E17}"
EndProject
Global
	GlobalSection(SolutionConfigurationPlatforms) = preSolution
		Debug|Any CPU = Debug|Any CPU
		Release|Any CPU = Release|Any CPU
	EndGlobalSection
	GlobalSection(ProjectConfigurationPlatforms) = postSolution
		{536BA3AD-1951-45B8-A349-C0034135C772}.Debug|Any CPU.ActiveCfg = Debug|Any CPU
		{536BA3AD-1951-45B8-A349-C0034135C772}.Debug|Any CPU.Build.0 = Debug|Any CPU
		{536BA3AD-1951-45B8-A349-C0034135C772}.Release|Any CPU.ActiveCfg = Release|Any CPU
		{536BA3AD-1951-45B8-A349-C0034135C772}.Release|Any CPU.Build.0 = Release|Any CPU
		{12D3A8A5-CA7C-42FA-AE21-F98895441579}.Debug|Any CPU.ActiveCfg = Debug|Any CPU
		{12D3A8A5-CA7C-42FA-AE21-F98895441579}.Debug|Any CPU.Build.0 = Debug|Any CPU
		{12D3A8A5-CA7C-42FA-AE21-F98895441579}.Release|Any CPU.ActiveCfg = Release|Any CPU
		{12D3A8A5-CA7C-42FA-AE21-F98895441579}.Release|Any CPU.Build.0 = Release|Any CPU
		{38FCDA13-B4BA-4D55-B606-7BEC638A6298}.Debug|Any CPU.ActiveCfg = Debug|Any CPU
		{38FCDA13-B4BA-4D55-B606-7BEC638A6298}.Debug|Any CPU.Build.0 = Debug|Any CPU
		{38FCDA13-B4BA-4D55-B606-7BEC638A6298}.Release|Any CPU.ActiveCfg = Release|Any CPU
		{38FCDA13-B4BA-4D55-B606-7BEC638A6298}.Release|Any CPU.Build.0 = Release|Any CPU
		{E5F2D90A-23BF-494B-8FDF-43C5B4AD4E17}.Debug|Any CPU.ActiveCfg = Debug|Any CPU
		{E5F2D90A-23BF-494B-8FDF-43C5B4AD4E17}.Debug|Any CPU.Build.0 = Debug|Any CPU
		{E5F2D90A-23BF-494B-8FDF-43C5B4AD4E17}.Release|Any CPU.ActiveCfg = Release|Any CPU
		{E5F2D90A-23BF-494B-8FDF-43C5B4AD4E17}.Release|Any CPU.Build.0 = Release|Any CPU
	EndGlobalSection
	GlobalSection(SolutionProperties) = preSolution
		HideSolutionNode = FALSE
	EndGlobalSection
	GlobalSection(ExtensibilityGlobals) = postSolution
		SolutionGuid = {3ABD3A81-FEE0-43CA-88CE-150675DDF01D}
	EndGlobalSection
EndGlobal
